
Microsoft Visual Studio Solution File, Format Version 12.00
# Visual Studio 14
VisualStudioVersion = 14.0.25420.1
MinimumVisualStudioVersion = 10.0.40219.1
Project("{FAE04EC0-301F-11D3-BF4B-00C04F79EFBC}") = "JuliaSet", "JuliaSet\JuliaSet.csproj", "{3E4A60E7-7C92-4BDC-B2CD-34B0727B7597}"
EndProject
Project("{FAE04EC0-301F-11D3-BF4B-00C04F79EFBC}") = "Gui", "Gui\Gui.csproj", "{AB89E61C-9490-4A6D-A720-8EF29E8475FF}"
EndProject
Global
	GlobalSection(SolutionConfigurationPlatforms) = preSolution
		Debug|Any CPU = Debug|Any CPU
		Release|Any CPU = Release|Any CPU
	EndGlobalSection
	GlobalSection(ProjectConfigurationPlatforms) = postSolution
		{3E4A60E7-7C92-4BDC-B2CD-34B0727B7597}.Debug|Any CPU.ActiveCfg = Debug|Any CPU
		{3E4A60E7-7C92-4BDC-B2CD-34B0727B7597}.Debug|Any CPU.Build.0 = Debug|Any CPU
		{3E4A60E7-7C92-4BDC-B2CD-34B0727B7597}.Release|Any CPU.ActiveCfg = Release|Any CPU
		{3E4A60E7-7C92-4BDC-B2CD-34B0727B7597}.Release|Any CPU.Build.0 = Release|Any CPU
		{AB89E61C-9490-4A6D-A720-8EF29E8475FF}.Debug|Any CPU.ActiveCfg = Debug|Any CPU
		{AB89E61C-9490-4A6D-A720-8EF29E8475FF}.Debug|Any CPU.Build.0 = Debug|Any CPU
		{AB89E61C-9490-4A6D-A720-8EF29E8475FF}.Release|Any CPU.ActiveCfg = Release|Any CPU
		{AB89E61C-9490-4A6D-A720-8EF29E8475FF}.Release|Any CPU.Build.0 = Release|Any CPU
	EndGlobalSection
	GlobalSection(SolutionProperties) = preSolution
		HideSolutionNode = FALSE
	EndGlobalSection
EndGlobal
